
Microsoft Visual Studio Solution File, Format Version 12.00
# Visual Studio Version 17
VisualStudioVersion = 17.5.33502.453
MinimumVisualStudioVersion = 10.0.40219.1
Project("{FAE04EC0-301F-11D3-BF4B-00C04F79EFBC}") = "sqoDB", "src\sqoDB\sqoDB.csproj", "{FAD5EEAD-6A86-4292-9D9A-41F5A45EC46E}"
EndProject
Project("{FAE04EC0-301F-11D3-BF4B-00C04F79EFBC}") = "sqoDB.Tests", "src\sqoDB.Tests\sqoDB.Tests.csproj", "{1571013F-7A10-4FD3-934E-C668DDAC18BD}"
EndProject
Project("{FAE04EC0-301F-11D3-BF4B-00C04F79EFBC}") = "sqoDB.Manager", "src\sqoDB.Manager\sqoDB.Manager.csproj", "{892732C3-4D5F-41CA-B9E8-603B117BE973}"
EndProject
Global
	GlobalSection(SolutionConfigurationPlatforms) = preSolution
		Debug|Any CPU = Debug|Any CPU
		Release|Any CPU = Release|Any CPU
	EndGlobalSection
	GlobalSection(ProjectConfigurationPlatforms) = postSolution
		{FAD5EEAD-6A86-4292-9D9A-41F5A45EC46E}.Debug|Any CPU.ActiveCfg = Debug|Any CPU
		{FAD5EEAD-6A86-4292-9D9A-41F5A45EC46E}.Debug|Any CPU.Build.0 = Debug|Any CPU
		{FAD5EEAD-6A86-4292-9D9A-41F5A45EC46E}.Release|Any CPU.ActiveCfg = Release|Any CPU
		{FAD5EEAD-6A86-4292-9D9A-41F5A45EC46E}.Release|Any CPU.Build.0 = Release|Any CPU
		{1571013F-7A10-4FD3-934E-C668DDAC18BD}.Debug|Any CPU.ActiveCfg = Debug|Any CPU
		{1571013F-7A10-4FD3-934E-C668DDAC18BD}.Debug|Any CPU.Build.0 = Debug|Any CPU
		{1571013F-7A10-4FD3-934E-C668DDAC18BD}.Release|Any CPU.ActiveCfg = Release|Any CPU
		{1571013F-7A10-4FD3-934E-C668DDAC18BD}.Release|Any CPU.Build.0 = Release|Any CPU
		{892732C3-4D5F-41CA-B9E8-603B117BE973}.Debug|Any CPU.ActiveCfg = Debug|Any CPU
		{892732C3-4D5F-41CA-B9E8-603B117BE973}.Debug|Any CPU.Build.0 = Debug|Any CPU
		{892732C3-4D5F-41CA-B9E8-603B117BE973}.Release|Any CPU.ActiveCfg = Release|Any CPU
		{892732C3-4D5F-41CA-B9E8-603B117BE973}.Release|Any CPU.Build.0 = Release|Any CPU
	EndGlobalSection
	GlobalSection(SolutionProperties) = preSolution
		HideSolutionNode = FALSE
	EndGlobalSection
	GlobalSection(ExtensibilityGlobals) = postSolution
		SolutionGuid = {6518F6E7-AAE4-44FB-9049-D423B9187F3B}
	EndGlobalSection
EndGlobal
